dependencies:
- name: consul
  repository: https://helm.releases.hashicorp.com/
  version: 0.24.*
- name: memcached
  repository: https://kubernetes-charts.storage.googleapis.com/
  version: 3.2.3
- name: memcached
  repository: https://kubernetes-charts.storage.googleapis.com/
  version: 3.2.3
- name: memcached
  repository: https://kubernetes-charts.storage.googleapis.com/
  version: 3.2.3
- name: memcached
  repository: https://kubernetes-charts.storage.googleapis.com/
  version: 3.2.3
digest: sha256:9deb2ade407ed26e69b72b2429f902ffa718df684d6f1392b8b1fcfc33892899
generated: "2020-08-04T12:55:33.7030371+02:00"
