dependencies:
- name: consul
  repository: https://helm.releases.hashicorp.com/
  version: 0.24.0
- name: memcached
  repository: https://kubernetes-charts.storage.googleapis.com/
  version: 3.2.3
- name: memcached
  repository: https://kubernetes-charts.storage.googleapis.com/
  version: 3.2.3
- name: memcached
  repository: https://kubernetes-charts.storage.googleapis.com/
  version: 3.2.3
- name: memcached
  repository: https://kubernetes-charts.storage.googleapis.com/
  version: 3.2.3
digest: sha256:43bbcbde78ea494cfa664f52ac57334ecb42ba3ff3de1099600ea6c276b7c31a
generated: "2020-08-04T13:04:42.0690006+02:00"
